// !$*UTF8*$!
{
	archiveVersion = 1;
	classes = {
	};
	objectVersion = 56;
	objects = {

/* Begin PBXBuildFile section */
		EB79C81A2C75777400DDE3F2 /* ModularArchitectureSPMApp.swift in Sources */ = {isa = PBXBuildFile; fileRef = EB79C8192C75777400DDE3F2 /* ModularArchitectureSPMApp.swift */; };
		EB79C81C2C75777400DDE3F2 /* ContentView.swift in Sources */ = {isa = PBXBuildFile; fileRef = EB79C81B2C75777400DDE3F2 /* ContentView.swift */; };
		EB79C81E2C75777700DDE3F2 /* Assets.xcassets in Resources */ = {isa = PBXBuildFile; fileRef = EB79C81D2C75777700DDE3F2 /* Assets.xcassets */; };
		EB79C8212C75777700DDE3F2 /* Preview Assets.xcassets in Resources */ = {isa = PBXBuildFile; fileRef = EB79C8202C75777700DDE3F2 /* Preview Assets.xcassets */; };
		EB79C82B2C75777800DDE3F2 /* ModularArchitectureSPMTests.swift in Sources */ = {isa = PBXBuildFile; fileRef = EB79C82A2C75777800DDE3F2 /* ModularArchitectureSPMTests.swift */; };
		EB79C8352C75777800DDE3F2 /* ModularArchitectureSPMUITests.swift in Sources */ = {isa = PBXBuildFile; fileRef = EB79C8342C75777800DDE3F2 /* ModularArchitectureSPMUITests.swift */; };
		EB79C8372C75777800DDE3F2 /* ModularArchitectureSPMUITestsLaunchTests.swift in Sources */ = {isa = PBXBuildFile; fileRef = EB79C8362C75777800DDE3F2 /* ModularArchitectureSPMUITestsLaunchTests.swift */; };
/* End PBXBuildFile section */

/* Begin PBXContainerItemProxy section */
		EB79C8272C75777700DDE3F2 /* PBXContainerItemProxy */ = {
			isa = PBXContainerItemProxy;
			containerPortal = EB79C80E2C75777400DDE3F2 /* Project object */;
			proxyType = 1;
			remoteGlobalIDString = EB79C8152C75777400DDE3F2;
			remoteInfo = ModularArchitectureSPM;
		};
		EB79C8312C75777800DDE3F2 /* PBXContainerItemProxy */ = {
			isa = PBXContainerItemProxy;
			containerPortal = EB79C80E2C75777400DDE3F2 /* Project object */;
			proxyType = 1;
			remoteGlobalIDString = EB79C8152C75777400DDE3F2;
			remoteInfo = ModularArchitectureSPM;
		};
/* End PBXContainerItemProxy section */

/* Begin PBXFileReference section */
		EB79C8162C75777400DDE3F2 /* ModularArchitectureSPM.app */ = {isa = PBXFileReference; explicitFileType = wrapper.application; includeInIndex = 0; path = ModularArchitectureSPM.app; sourceTree = BUILT_PRODUCTS_DIR; };
		EB79C8192C75777400DDE3F2 /* ModularArchitectureSPMApp.swift */ = {isa = PBXFileReference; lastKnownFileType = sourcecode.swift; path = ModularArchitectureSPMApp.swift; sourceTree = "<group>"; };
		EB79C81B2C75777400DDE3F2 /* ContentView.swift */ = {isa = PBXFileReference; lastKnownFileType = sourcecode.swift; path = ContentView.swift; sourceTree = "<group>"; };
		EB79C81D2C75777700DDE3F2 /* Assets.xcassets */ = {isa = PBXFileReference; lastKnownFileType = folder.assetcatalog; path = Assets.xcassets; sourceTree = "<group>"; };
		EB79C8202C75777700DDE3F2 /* Preview Assets.xcassets */ = {isa = PBXFileReference; lastKnownFileType = folder.assetcatalog; path = "Preview Assets.xcassets"; sourceTree = "<group>"; };
		EB79C8262C75777700DDE3F2 /* ModularArchitectureSPMTests.xctest */ = {isa = PBXFileReference; explicitFileType = wrapper.cfbundle; includeInIndex = 0; path = ModularArchitectureSPMTests.xctest; sourceTree = BUILT_PRODUCTS_DIR; };
		EB79C82A2C75777800DDE3F2 /* ModularArchitectureSPMTests.swift */ = {isa = PBXFileReference; lastKnownFileType = sourcecode.swift; path = ModularArchitectureSPMTests.swift; sourceTree = "<group>"; };
		EB79C8302C75777800DDE3F2 /* ModularArchitectureSPMUITests.xctest */ = {isa = PBXFileReference; explicitFileType = wrapper.cfbundle; includeInIndex = 0; path = ModularArchitectureSPMUITests.xctest; sourceTree = BUILT_PRODUCTS_DIR; };
		EB79C8342C75777800DDE3F2 /* ModularArchitectureSPMUITests.swift */ = {isa = PBXFileReference; lastKnownFileType = sourcecode.swift; path = ModularArchitectureSPMUITests.swift; sourceTree = "<group>"; };
		EB79C8362C75777800DDE3F2 /* ModularArchitectureSPMUITestsLaunchTests.swift */ = {isa = PBXFileReference; lastKnownFileType = sourcecode.swift; path = ModularArchitectureSPMUITestsLaunchTests.swift; sourceTree = "<group>"; };
		EB79C8432C75780500DDE3F2 /* ModularArchitectureLibrary */ = {isa = PBXFileReference; lastKnownFileType = wrapper; name = ModularArchitectureLibrary; path = ../ModularArchitectureLibrary; sourceTree = "<group>"; };
/* End PBXFileReference section */

/* Begin PBXFrameworksBuildPhase section */
		EB79C8132C75777400DDE3F2 /* Frameworks */ = {
			isa = PBXFrameworksBuildPhase;
			buildActionMask = 2147483647;
			files = (
			);
			runOnlyForDeploymentPostprocessing = 0;
		};
		EB79C8232C75777700DDE3F2 /* Frameworks */ = {
			isa = PBXFrameworksBuildPhase;
			buildActionMask = 2147483647;
			files = (
			);
			runOnlyForDeploymentPostprocessing = 0;
		};
		EB79C82D2C75777800DDE3F2 /* Frameworks */ = {
			isa = PBXFrameworksBuildPhase;
			buildActionMask = 2147483647;
			files = (
			);
			runOnlyForDeploymentPostprocessing = 0;
		};
/* End PBXFrameworksBuildPhase section */

/* Begin PBXGroup section */
		EB79C80D2C75777400DDE3F2 = {
			isa = PBXGroup;
			children = (
				EB79C8432C75780500DDE3F2 /* ModularArchitectureLibrary */,
				EB79C8182C75777400DDE3F2 /* ModularArchitectureSPM */,
				EB79C8292C75777800DDE3F2 /* ModularArchitectureSPMTests */,
				EB79C8332C75777800DDE3F2 /* ModularArchitectureSPMUITests */,
				EB79C8172C75777400DDE3F2 /* Products */,
			);
			sourceTree = "<group>";
		};
		EB79C8172C75777400DDE3F2 /* Products */ = {
			isa = PBXGroup;
			children = (
				EB79C8162C75777400DDE3F2 /* ModularArchitectureSPM.app */,
				EB79C8262C75777700DDE3F2 /* ModularArchitectureSPMTests.xctest */,
				EB79C8302C75777800DDE3F2 /* ModularArchitectureSPMUITests.xctest */,
			);
			name = Products;
			sourceTree = "<group>";
		};
		EB79C8182C75777400DDE3F2 /* ModularArchitectureSPM */ = {
			isa = PBXGroup;
			children = (
				EB79C8192C75777400DDE3F2 /* ModularArchitectureSPMApp.swift */,
				EB79C81B2C75777400DDE3F2 /* ContentView.swift */,
				EB79C81D2C75777700DDE3F2 /* Assets.xcassets */,
				EB79C81F2C75777700DDE3F2 /* Preview Content */,
			);
			path = ModularArchitectureSPM;
			sourceTree = "<group>";
		};
		EB79C81F2C75777700DDE3F2 /* Preview Content */ = {
			isa = PBXGroup;
			children = (
				EB79C8202C75777700DDE3F2 /* Preview Assets.xcassets */,
			);
			path = "Preview Content";
			sourceTree = "<group>";
		};
		EB79C8292C75777800DDE3F2 /* ModularArchitectureSPMTests */ = {
			isa = PBXGroup;
			children = (
				EB79C82A2C75777800DDE3F2 /* ModularArchitectureSPMTests.swift */,
			);
			path = ModularArchitectureSPMTests;
			sourceTree = "<group>";
		};
		EB79C8332C75777800DDE3F2 /* ModularArchitectureSPMUITests */ = {
			isa = PBXGroup;
			children = (
				EB79C8342C75777800DDE3F2 /* ModularArchitectureSPMUITests.swift */,
				EB79C8362C75777800DDE3F2 /* ModularArchitectureSPMUITestsLaunchTests.swift */,
			);
			path = ModularArchitectureSPMUITests;
			sourceTree = "<group>";
		};
/* End PBXGroup section */

/* Begin PBXNativeTarget section */
		EB79C8152C75777400DDE3F2 /* ModularArchitectureSPM */ = {
			isa = PBXNativeTarget;
			buildConfigurationList = EB79C83A2C75777800DDE3F2 /* Build configuration list for PBXNativeTarget "ModularArchitectureSPM" */;
			buildPhases = (
				EB79C8122C75777400DDE3F2 /* Sources */,
				EB79C8132C75777400DDE3F2 /* Frameworks */,
				EB79C8142C75777400DDE3F2 /* Resources */,
			);
			buildRules = (
			);
			dependencies = (
			);
			name = ModularArchitectureSPM;
			productName = ModularArchitectureSPM;
			productReference = EB79C8162C75777400DDE3F2 /* ModularArchitectureSPM.app */;
			productType = "com.apple.product-type.application";
		};
		EB79C8252C75777700DDE3F2 /* ModularArchitectureSPMTests */ = {
			isa = PBXNativeTarget;
			buildConfigurationList = EB79C83D2C75777800DDE3F2 /* Build configuration list for PBXNativeTarget "ModularArchitectureSPMTests" */;
			buildPhases = (
				EB79C8222C75777700DDE3F2 /* Sources */,
				EB79C8232C75777700DDE3F2 /* Frameworks */,
				EB79C8242C75777700DDE3F2 /* Resources */,
			);
			buildRules = (
			);
			dependencies = (
				EB79C8282C75777700DDE3F2 /* PBXTargetDependency */,
			);
			name = ModularArchitectureSPMTests;
			productName = ModularArchitectureSPMTests;
			productReference = EB79C8262C75777700DDE3F2 /* ModularArchitectureSPMTests.xctest */;
			productType = "com.apple.product-type.bundle.unit-test";
		};
		EB79C82F2C75777800DDE3F2 /* ModularArchitectureSPMUITests */ = {
			isa = PBXNativeTarget;
			buildConfigurationList = EB79C8402C75777800DDE3F2 /* Build configuration list for PBXNativeTarget "ModularArchitectureSPMUITests" */;
			buildPhases = (
				EB79C82C2C75777800DDE3F2 /* Sources */,
				EB79C82D2C75777800DDE3F2 /* Frameworks */,
				EB79C82E2C75777800DDE3F2 /* Resources */,
			);
			buildRules = (
			);
			dependencies = (
				EB79C8322C75777800DDE3F2 /* PBXTargetDependency */,
			);
			name = ModularArchitectureSPMUITests;
			productName = ModularArchitectureSPMUITests;
			productReference = EB79C8302C75777800DDE3F2 /* ModularArchitectureSPMUITests.xctest */;
			productType = "com.apple.product-type.bundle.ui-testing";
		};
/* End PBXNativeTarget section */

/* Begin PBXProject section */
		EB79C80E2C75777400DDE3F2 /* Project object */ = {
			isa = PBXProject;
			attributes = {
				BuildIndependentTargetsInParallel = 1;
				LastSwiftUpdateCheck = 1500;
				LastUpgradeCheck = 1500;
				TargetAttributes = {
					EB79C8152C75777400DDE3F2 = {
						CreatedOnToolsVersion = 15.0.1;
					};
					EB79C8252C75777700DDE3F2 = {
						CreatedOnToolsVersion = 15.0.1;
						TestTargetID = EB79C8152C75777400DDE3F2;
					};
					EB79C82F2C75777800DDE3F2 = {
						CreatedOnToolsVersion = 15.0.1;
						TestTargetID = EB79C8152C75777400DDE3F2;
					};
				};
			};
			buildConfigurationList = EB79C8112C75777400DDE3F2 /* Build configuration list for PBXProject "ModularArchitectureSPM" */;
			compatibilityVersion = "Xcode 14.0";
			developmentRegion = en;
			hasScannedForEncodings = 0;
			knownRegions = (
				en,
				Base,
			);
			mainGroup = EB79C80D2C75777400DDE3F2;
			productRefGroup = EB79C8172C75777400DDE3F2 /* Products */;
			projectDirPath = "";
			projectRoot = "";
			targets = (
				EB79C8152C75777400DDE3F2 /* ModularArchitectureSPM */,
				EB79C8252C75777700DDE3F2 /* ModularArchitectureSPMTests */,
				EB79C82F2C75777800DDE3F2 /* ModularArchitectureSPMUITests */,
			);
		};
/* End PBXProject section */

/* Begin PBXResourcesBuildPhase section */
		EB79C8142C75777400DDE3F2 /* Resources */ = {
			isa = PBXResourcesBuildPhase;
			buildActionMask = 2147483647;
			files = (
				EB79C8212C75777700DDE3F2 /* Preview Assets.xcassets in Resources */,
				EB79C81E2C75777700DDE3F2 /* Assets.xcassets in Resources */,
			);
			runOnlyForDeploymentPostprocessing = 0;
		};
		EB79C8242C75777700DDE3F2 /* Resources */ = {
			isa = PBXResourcesBuildPhase;
			buildActionMask = 2147483647;
			files = (
			);
			runOnlyForDeploymentPostprocessing = 0;
		};
		EB79C82E2C75777800DDE3F2 /* Resources */ = {
			isa = PBXResourcesBuildPhase;
			buildActionMask = 2147483647;
			files = (
			);
			runOnlyForDeploymentPostprocessing = 0;
		};
/* End PBXResourcesBuildPhase section */

/* Begin PBXSourcesBuildPhase section */
		EB79C8122C75777400DDE3F2 /* Sources */ = {
			isa = PBXSourcesBuildPhase;
			buildActionMask = 2147483647;
			files = (
				EB79C81C2C75777400DDE3F2 /* ContentView.swift in Sources */,
				EB79C81A2C75777400DDE3F2 /* ModularArchitectureSPMApp.swift in Sources */,
			);
			runOnlyForDeploymentPostprocessing = 0;
		};
		EB79C8222C75777700DDE3F2 /* Sources */ = {
			isa = PBXSourcesBuildPhase;
			buildActionMask = 2147483647;
			files = (
				EB79C82B2C75777800DDE3F2 /* ModularArchitectureSPMTests.swift in Sources */,
			);
			runOnlyForDeploymentPostprocessing = 0;
		};
		EB79C82C2C75777800DDE3F2 /* Sources */ = {
			isa = PBXSourcesBuildPhase;
			buildActionMask = 2147483647;
			files = (
				EB79C8352C75777800DDE3F2 /* ModularArchitectureSPMUITests.swift in Sources */,
				EB79C8372C75777800DDE3F2 /* ModularArchitectureSPMUITestsLaunchTests.swift in Sources */,
			);
			runOnlyForDeploymentPostprocessing = 0;
		};
/* End PBXSourcesBuildPhase section */

/* Begin PBXTargetDependency section */
		EB79C8282C75777700DDE3F2 /* PBXTargetDependency */ = {
			isa = PBXTargetDependency;
			target = EB79C8152C75777400DDE3F2 /* ModularArchitectureSPM */;
			targetProxy = EB79C8272C75777700DDE3F2 /* PBXContainerItemProxy */;
		};
		EB79C8322C75777800DDE3F2 /* PBXTargetDependency */ = {
			isa = PBXTargetDependency;
			target = EB79C8152C75777400DDE3F2 /* ModularArchitectureSPM */;
			targetProxy = EB79C8312C75777800DDE3F2 /* PBXContainerItemProxy */;
		};
/* End PBXTargetDependency section */

/* Begin XCBuildConfiguration section */
		EB79C8382C75777800DDE3F2 /* Debug */ = {
			isa = XCBuildConfiguration;
			buildSettings = {
				ALWAYS_SEARCH_USER_PATHS = NO;
				ASSETCATALOG_COMPILER_GENERATE_SWIFT_ASSET_SYMBOL_EXTENSIONS = YES;
				CLANG_ANALYZER_NONNULL = YES;
				CLANG_ANALYZER_NUMBER_OBJECT_CONVERSION = YES_AGGRESSIVE;
				CLANG_CXX_LANGUAGE_STANDARD = "gnu++20";
				CLANG_ENABLE_MODULES = YES;
				CLANG_ENABLE_OBJC_ARC = YES;
				CLANG_ENABLE_OBJC_WEAK = YES;
				CLANG_WARN_BLOCK_CAPTURE_AUTORELEASING = YES;
				CLANG_WARN_BOOL_CONVERSION = YES;
				CLANG_WARN_COMMA = YES;
				CLANG_WARN_CONSTANT_CONVERSION = YES;
				CLANG_WARN_DEPRECATED_OBJC_IMPLEMENTATIONS = YES;
				CLANG_WARN_DIRECT_OBJC_ISA_USAGE = YES_ERROR;
				CLANG_WARN_DOCUMENTATION_COMMENTS = YES;
				CLANG_WARN_EMPTY_BODY = YES;
				CLANG_WARN_ENUM_CONVERSION = YES;
				CLANG_WARN_INFINITE_RECURSION = YES;
				CLANG_WARN_INT_CONVERSION = YES;
				CLANG_WARN_NON_LITERAL_NULL_CONVERSION = YES;
				CLANG_WARN_OBJC_IMPLICIT_RETAIN_SELF = YES;
				CLANG_WARN_OBJC_LITERAL_CONVERSION = YES;
				CLANG_WARN_OBJC_ROOT_CLASS = YES_ERROR;
				CLANG_WARN_QUOTED_INCLUDE_IN_FRAMEWORK_HEADER = YES;
				CLANG_WARN_RANGE_LOOP_ANALYSIS = YES;
				CLANG_WARN_STRICT_PROTOTYPES = YES;
				CLANG_WARN_SUSPICIOUS_MOVE = YES;
				CLANG_WARN_UNGUARDED_AVAILABILITY = YES_AGGRESSIVE;
				CLANG_WARN_UNREACHABLE_CODE = YES;
				CLANG_WARN__DUPLICATE_METHOD_MATCH = YES;
				COPY_PHASE_STRIP = NO;
				DEBUG_INFORMATION_FORMAT = dwarf;
				ENABLE_STRICT_OBJC_MSGSEND = YES;
				ENABLE_TESTABILITY = YES;
				ENABLE_USER_SCRIPT_SANDBOXING = YES;
				GCC_C_LANGUAGE_STANDARD = gnu17;
				GCC_DYNAMIC_NO_PIC = NO;
				GCC_NO_COMMON_BLOCKS = YES;
				GCC_OPTIMIZATION_LEVEL = 0;
				GCC_PREPROCESSOR_DEFINITIONS = (
					"DEBUG=1",
					"$(inherited)",
				);
				GCC_WARN_64_TO_32_BIT_CONVERSION = YES;
				GCC_WARN_ABOUT_RETURN_TYPE = YES_ERROR;
				GCC_WARN_UNDECLARED_SELECTOR = YES;
				GCC_WARN_UNINITIALIZED_AUTOS = YES_AGGRESSIVE;
				GCC_WARN_UNUSED_FUNCTION = YES;
				GCC_WARN_UNUSED_VARIABLE = YES;
				IPHONEOS_DEPLOYMENT_TARGET = 17.0;
				LOCALIZATION_PREFERS_STRING_CATALOGS = YES;
				MTL_ENABLE_DEBUG_INFO = INCLUDE_SOURCE;
				MTL_FAST_MATH = YES;
				ONLY_ACTIVE_ARCH = YES;
				SDKROOT = iphoneos;
				SWIFT_ACTIVE_COMPILATION_CONDITIONS = "DEBUG $(inherited)";
				SWIFT_OPTIMIZATION_LEVEL = "-Onone";
			};
			name = Debug;
		};
		EB79C8392C75777800DDE3F2 /* Release */ = {
			isa = XCBuildConfiguration;
			buildSettings = {
				ALWAYS_SEARCH_USER_PATHS = NO;
				ASSETCATALOG_COMPILER_GENERATE_SWIFT_ASSET_SYMBOL_EXTENSIONS = YES;
				CLANG_ANALYZER_NONNULL = YES;
				CLANG_ANALYZER_NUMBER_OBJECT_CONVERSION = YES_AGGRESSIVE;
				CLANG_CXX_LANGUAGE_STANDARD = "gnu++20";
				CLANG_ENABLE_MODULES = YES;
				CLANG_ENABLE_OBJC_ARC = YES;
				CLANG_ENABLE_OBJC_WEAK = YES;
				CLANG_WARN_BLOCK_CAPTURE_AUTORELEASING = YES;
				CLANG_WARN_BOOL_CONVERSION = YES;
				CLANG_WARN_COMMA = YES;
				CLANG_WARN_CONSTANT_CONVERSION = YES;
				CLANG_WARN_DEPRECATED_OBJC_IMPLEMENTATIONS = YES;
				CLANG_WARN_DIRECT_OBJC_ISA_USAGE = YES_ERROR;
				CLANG_WARN_DOCUMENTATION_COMMENTS = YES;
				CLANG_WARN_EMPTY_BODY = YES;
				CLANG_WARN_ENUM_CONVERSION = YES;
				CLANG_WARN_INFINITE_RECURSION = YES;
				CLANG_WARN_INT_CONVERSION = YES;
				CLANG_WARN_NON_LITERAL_NULL_CONVERSION = YES;
				CLANG_WARN_OBJC_IMPLICIT_RETAIN_SELF = YES;
				CLANG_WARN_OBJC_LITERAL_CONVERSION = YES;
				CLANG_WARN_OBJC_ROOT_CLASS = YES_ERROR;
				CLANG_WARN_QUOTED_INCLUDE_IN_FRAMEWORK_HEADER = YES;
				CLANG_WARN_RANGE_LOOP_ANALYSIS = YES;
				CLANG_WARN_STRICT_PROTOTYPES = YES;
				CLANG_WARN_SUSPICIOUS_MOVE = YES;
				CLANG_WARN_UNGUARDED_AVAILABILITY = YES_AGGRESSIVE;
				CLANG_WARN_UNREACHABLE_CODE = YES;
				CLANG_WARN__DUPLICATE_METHOD_MATCH = YES;
				COPY_PHASE_STRIP = NO;
				DEBUG_INFORMATION_FORMAT = "dwarf-with-dsym";
				ENABLE_NS_ASSERTIONS = NO;
				ENABLE_STRICT_OBJC_MSGSEND = YES;
				ENABLE_USER_SCRIPT_SANDBOXING = YES;
				GCC_C_LANGUAGE_STANDARD = gnu17;
				GCC_NO_COMMON_BLOCKS = YES;
				GCC_WARN_64_TO_32_BIT_CONVERSION = YES;
				GCC_WARN_ABOUT_RETURN_TYPE = YES_ERROR;
				GCC_WARN_UNDECLARED_SELECTOR = YES;
				GCC_WARN_UNINITIALIZED_AUTOS = YES_AGGRESSIVE;
				GCC_WARN_UNUSED_FUNCTION = YES;
				GCC_WARN_UNUSED_VARIABLE = YES;
				IPHONEOS_DEPLOYMENT_TARGET = 17.0;
				LOCALIZATION_PREFERS_STRING_CATALOGS = YES;
				MTL_ENABLE_DEBUG_INFO = NO;
				MTL_FAST_MATH = YES;
				SDKROOT = iphoneos;
				SWIFT_COMPILATION_MODE = wholemodule;
				VALIDATE_PRODUCT = YES;
			};
			name = Release;
		};
		EB79C83B2C75777800DDE3F2 /* Debug */ = {
			isa = XCBuildConfiguration;
			buildSettings = {
				ASSETCATALOG_COMPILER_APPICON_NAME = AppIcon;
				ASSETCATALOG_COMPILER_GLOBAL_ACCENT_COLOR_NAME = AccentColor;
				CODE_SIGN_STYLE = Automatic;
				CURRENT_PROJECT_VERSION = 1;
				DEVELOPMENT_ASSET_PATHS = "\"ModularArchitectureSPM/Preview Content\"";
				DEVELOPMENT_TEAM = 6973WVKMZ8;
				ENABLE_PREVIEWS = YES;
				GENERATE_INFOPLIST_FILE = YES;
				INFOPLIST_KEY_UIApplicationSceneManifest_Generation = YES;
				INFOPLIST_KEY_UIApplicationSupportsIndirectInputEvents = YES;
				INFOPLIST_KEY_UILaunchScreen_Generation = YES;
				INFOPLIST_KEY_UISupportedInterfaceOrientations_iPad = "UIInterfaceOrientationPortrait UIInterfaceOrientationPortraitUpsideDown UIInterfaceOrientationLandscapeLeft UIInterfaceOrientationLandscapeRight";
				INFOPLIST_KEY_UISupportedInterfaceOrientations_iPhone = "UIInterfaceOrientationPortrait UIInterfaceOrientationLandscapeLeft UIInterfaceOrientationLandscapeRight";
				LD_RUNPATH_SEARCH_PATHS = (
					"$(inherited)",
					"@executable_path/Frameworks",
				);
				MARKETING_VERSION = 1.0;
				PRODUCT_BUNDLE_IDENTIFIER = org.jae.ModularArchitectureSPM;
				PRODUCT_NAME = "$(TARGET_NAME)";
				SWIFT_EMIT_LOC_STRINGS = YES;
				SWIFT_VERSION = 5.0;
				TARGETED_DEVICE_FAMILY = "1,2";
			};
			name = Debug;
		};
		EB79C83C2C75777800DDE3F2 /* Release */ = {
			isa = XCBuildConfiguration;
			buildSettings = {
				ASSETCATALOG_COMPILER_APPICON_NAME = AppIcon;
				ASSETCATALOG_COMPILER_GLOBAL_ACCENT_COLOR_NAME = AccentColor;
				CODE_SIGN_STYLE = Automatic;
				CURRENT_PROJECT_VERSION = 1;
				DEVELOPMENT_ASSET_PATHS = "\"ModularArchitectureSPM/Preview Content\"";
				DEVELOPMENT_TEAM = 6973WVKMZ8;
				ENABLE_PREVIEWS = YES;
				GENERATE_INFOPLIST_FILE = YES;
				INFOPLIST_KEY_UIApplicationSceneManifest_Generation = YES;
				INFOPLIST_KEY_UIApplicationSupportsIndirectInputEvents = YES;
				INFOPLIST_KEY_UILaunchScreen_Generation = YES;
				INFOPLIST_KEY_UISupportedInterfaceOrientations_iPad = "UIInterfaceOrientationPortrait UIInterfaceOrientationPortraitUpsideDown UIInterfaceOrientationLandscapeLeft UIInterfaceOrientationLandscapeRight";
				INFOPLIST_KEY_UISupportedInterfaceOrientations_iPhone = "UIInterfaceOrientationPortrait UIInterfaceOrientationLandscapeLeft UIInterfaceOrientationLandscapeRight";
				LD_RUNPATH_SEARCH_PATHS = (
					"$(inherited)",
					"@executable_path/Frameworks",
				);
				MARKETING_VERSION = 1.0;
				PRODUCT_BUNDLE_IDENTIFIER = org.jae.ModularArchitectureSPM;
				PRODUCT_NAME = "$(TARGET_NAME)";
				SWIFT_EMIT_LOC_STRINGS = YES;
				SWIFT_VERSION = 5.0;
				TARGETED_DEVICE_FAMILY = "1,2";
			};
			name = Release;
		};
		EB79C83E2C75777800DDE3F2 /* Debug */ = {
			isa = XCBuildConfiguration;
			buildSettings = {
				ALWAYS_EMBED_SWIFT_STANDARD_LIBRARIES = YES;
				BUNDLE_LOADER = "$(TEST_HOST)";
				CODE_SIGN_STYLE = Automatic;
				CURRENT_PROJECT_VERSION = 1;
				DEVELOPMENT_TEAM = 6973WVKMZ8;
				GENERATE_INFOPLIST_FILE = YES;
				IPHONEOS_DEPLOYMENT_TARGET = 17.0;
				MARKETING_VERSION = 1.0;
				PRODUCT_BUNDLE_IDENTIFIER = org.jae.ModularArchitectureSPMTests;
				PRODUCT_NAME = "$(TARGET_NAME)";
				SWIFT_EMIT_LOC_STRINGS = NO;
				SWIFT_VERSION = 5.0;
				TARGETED_DEVICE_FAMILY = "1,2";
				TEST_HOST = "$(BUILT_PRODUCTS_DIR)/ModularArchitectureSPM.app/$(BUNDLE_EXECUTABLE_FOLDER_PATH)/ModularArchitectureSPM";
			};
			name = Debug;
		};
		EB79C83F2C75777800DDE3F2 /* Release */ = {
			isa = XCBuildConfiguration;
			buildSettings = {
				ALWAYS_EMBED_SWIFT_STANDARD_LIBRARIES = YES;
				BUNDLE_LOADER = "$(TEST_HOST)";
				CODE_SIGN_STYLE = Automatic;
				CURRENT_PROJECT_VERSION = 1;
				DEVELOPMENT_TEAM = 6973WVKMZ8;
				GENERATE_INFOPLIST_FILE = YES;
				IPHONEOS_DEPLOYMENT_TARGET = 17.0;
				MARKETING_VERSION = 1.0;
				PRODUCT_BUNDLE_IDENTIFIER = org.jae.ModularArchitectureSPMTests;
				PRODUCT_NAME = "$(TARGET_NAME)";
				SWIFT_EMIT_LOC_STRINGS = NO;
				SWIFT_VERSION = 5.0;
				TARGETED_DEVICE_FAMILY = "1,2";
				TEST_HOST = "$(BUILT_PRODUCTS_DIR)/ModularArchitectureSPM.app/$(BUNDLE_EXECUTABLE_FOLDER_PATH)/ModularArchitectureSPM";
			};
			name = Release;
		};
		EB79C8412C75777800DDE3F2 /* Debug */ = {
			isa = XCBuildConfiguration;
			buildSettings = {
				ALWAYS_EMBED_SWIFT_STANDARD_LIBRARIES = YES;
				CODE_SIGN_STYLE = Automatic;
				CURRENT_PROJECT_VERSION = 1;
				DEVELOPMENT_TEAM = 6973WVKMZ8;
				GENERATE_INFOPLIST_FILE = YES;
				MARKETING_VERSION = 1.0;
				PRODUCT_BUNDLE_IDENTIFIER = org.jae.ModularArchitectureSPMUITests;
				PRODUCT_NAME = "$(TARGET_NAME)";
				SWIFT_EMIT_LOC_STRINGS = NO;
				SWIFT_VERSION = 5.0;
				TARGETED_DEVICE_FAMILY = "1,2";
				TEST_TARGET_NAME = ModularArchitectureSPM;
			};
			name = Debug;
		};
		EB79C8422C75777800DDE3F2 /* Release */ = {
			isa = XCBuildConfiguration;
			buildSettings = {
				ALWAYS_EMBED_SWIFT_STANDARD_LIBRARIES = YES;
				CODE_SIGN_STYLE = Automatic;
				CURRENT_PROJECT_VERSION = 1;
				DEVELOPMENT_TEAM = 6973WVKMZ8;
				GENERATE_INFOPLIST_FILE = YES;
				MARKETING_VERSION = 1.0;
				PRODUCT_BUNDLE_IDENTIFIER = org.jae.ModularArchitectureSPMUITests;
				PRODUCT_NAME = "$(TARGET_NAME)";
				SWIFT_EMIT_LOC_STRINGS = NO;
				SWIFT_VERSION = 5.0;
				TARGETED_DEVICE_FAMILY = "1,2";
				TEST_TARGET_NAME = ModularArchitectureSPM;
			};
			name = Release;
		};
/* End XCBuildConfiguration section */

/* Begin XCConfigurationList section */
		EB79C8112C75777400DDE3F2 /* Build configuration list for PBXProject "ModularArchitectureSPM" */ = {
			isa = XCConfigurationList;
			buildConfigurations = (
				EB79C8382C75777800DDE3F2 /* Debug */,
				EB79C8392C75777800DDE3F2 /* Release */,
			);
			defaultConfigurationIsVisible = 0;
			defaultConfigurationName = Release;
		};
		EB79C83A2C75777800DDE3F2 /* Build configuration list for PBXNativeTarget "ModularArchitectureSPM" */ = {
			isa = XCConfigurationList;
			buildConfigurations = (
				EB79C83B2C75777800DDE3F2 /* Debug */,
				EB79C83C2C75777800DDE3F2 /* Release */,
			);
			defaultConfigurationIsVisible = 0;
			defaultConfigurationName = Release;
		};
		EB79C83D2C75777800DDE3F2 /* Build configuration list for PBXNativeTarget "ModularArchitectureSPMTests" */ = {
			isa = XCConfigurationList;
			buildConfigurations = (
				EB79C83E2C75777800DDE3F2 /* Debug */,
				EB79C83F2C75777800DDE3F2 /* Release */,
			);
			defaultConfigurationIsVisible = 0;
			defaultConfigurationName = Release;
		};
		EB79C8402C75777800DDE3F2 /* Build configuration list for PBXNativeTarget "ModularArchitectureSPMUITests" */ = {
			isa = XCConfigurationList;
			buildConfigurations = (
				EB79C8412C75777800DDE3F2 /* Debug */,
				EB79C8422C75777800DDE3F2 /* Release */,
			);
			defaultConfigurationIsVisible = 0;
			defaultConfigurationName = Release;
		};
/* End XCConfigurationList section */
	};
	rootObject = EB79C80E2C75777400DDE3F2 /* Project object */;
}
